// !$*UTF8*$!
{
	archiveVersion = 1;
	classes = {
	};
	objectVersion = 50;
	objects = {

/* Begin PBXBuildFile section */
		07F308CD24B513FD003D2F5E /* AppDelegate.swift in Sources */ = {isa = PBXBuildFile; fileRef = 07F308CC24B513FD003D2F5E /* AppDelegate.swift */; };
		07F308CF24B513FD003D2F5E /* SceneDelegate.swift in Sources */ = {isa = PBXBuildFile; fileRef = 07F308CE24B513FD003D2F5E /* SceneDelegate.swift */; };
		07F308D124B513FD003D2F5E /* ViewController.swift in Sources */ = {isa = PBXBuildFile; fileRef = 07F308D024B513FD003D2F5E /* ViewController.swift */; };
		07F308D424B513FD003D2F5E /* Main.storyboard in Resources */ = {isa = PBXBuildFile; fileRef = 07F308D224B513FD003D2F5E /* Main.storyboard */; };
		07F308D624B513FE003D2F5E /* Assets.xcassets in Resources */ = {isa = PBXBuildFile; fileRef = 07F308D524B513FE003D2F5E /* Assets.xcassets */; };
		07F308D924B513FE003D2F5E /* LaunchScreen.storyboard in Resources */ = {isa = PBXBuildFile; fileRef = 07F308D724B513FE003D2F5E /* LaunchScreen.storyboard */; };
/* End PBXBuildFile section */

/* Begin PBXFileReference section */
		07F308C924B513FD003D2F5E /* udemySwiftCoursesProject.app */ = {isa = PBXFileReference; explicitFileType = wrapper.application; includeInIndex = 0; path = udemySwiftCoursesProject.app; sourceTree = BUILT_PRODUCTS_DIR; };
		07F308CC24B513FD003D2F5E /* AppDelegate.swift */ = {isa = PBXFileReference; lastKnownFileType = sourcecode.swift; path = AppDelegate.swift; sourceTree = "<group>"; };
		07F308CE24B513FD003D2F5E /* SceneDelegate.swift */ = {isa = PBXFileReference; lastKnownFileType = sourcecode.swift; path = SceneDelegate.swift; sourceTree = "<group>"; };
		07F308D024B513FD003D2F5E /* ViewController.swift */ = {isa = PBXFileReference; lastKnownFileType = sourcecode.swift; path = ViewController.swift; sourceTree = "<group>"; };
		07F308D324B513FD003D2F5E /* Base */ = {isa = PBXFileReference; lastKnownFileType = file.storyboard; name = Base; path = Base.lproj/Main.storyboard; sourceTree = "<group>"; };
		07F308D524B513FE003D2F5E /* Assets.xcassets */ = {isa = PBXFileReference; lastKnownFileType = folder.assetcatalog; path = Assets.xcassets; sourceTree = "<group>"; };
		07F308D824B513FE003D2F5E /* Base */ = {isa = PBXFileReference; lastKnownFileType = file.storyboard; name = Base; path = Base.lproj/LaunchScreen.storyboard; sourceTree = "<group>"; };
		07F308DA24B513FE003D2F5E /* Info.plist */ = {isa = PBXFileReference; lastKnownFileType = text.plist.xml; path = Info.plist; sourceTree = "<group>"; };
/* End PBXFileReference section */

/* Begin PBXFrameworksBuildPhase section */
		07F308C624B513FD003D2F5E /* Frameworks */ = {
			isa = PBXFrameworksBuildPhase;
			buildActionMask = 2147483647;
			files = (
			);
			runOnlyForDeploymentPostprocessing = 0;
		};
/* End PBXFrameworksBuildPhase section */

/* Begin PBXGroup section */
		07F308C024B513FD003D2F5E = {
			isa = PBXGroup;
			children = (
				07F308CB24B513FD003D2F5E /* udemySwiftCoursesProject */,
				07F308CA24B513FD003D2F5E /* Products */,
			);
			sourceTree = "<group>";
		};
		07F308CA24B513FD003D2F5E /* Products */ = {
			isa = PBXGroup;
			children = (
				07F308C924B513FD003D2F5E /* udemySwiftCoursesProject.app */,
			);
			name = Products;
			sourceTree = "<group>";
		};
		07F308CB24B513FD003D2F5E /* udemySwiftCoursesProject */ = {
			isa = PBXGroup;
			children = (
				07F308CC24B513FD003D2F5E /* AppDelegate.swift */,
				07F308CE24B513FD003D2F5E /* SceneDelegate.swift */,
				07F308D024B513FD003D2F5E /* ViewController.swift */,
				07F308D224B513FD003D2F5E /* Main.storyboard */,
				07F308D524B513FE003D2F5E /* Assets.xcassets */,
				07F308D724B513FE003D2F5E /* LaunchScreen.storyboard */,
				07F308DA24B513FE003D2F5E /* Info.plist */,
			);
			path = udemySwiftCoursesProject;
			sourceTree = "<group>";
		};
/* End PBXGroup section */

/* Begin PBXNativeTarget section */
		07F308C824B513FD003D2F5E /* udemySwiftCoursesProject */ = {
			isa = PBXNativeTarget;
			buildConfigurationList = 07F308DD24B513FE003D2F5E /* Build configuration list for PBXNativeTarget "udemySwiftCoursesProject" */;
			buildPhases = (
				07F308C524B513FD003D2F5E /* Sources */,
				07F308C624B513FD003D2F5E /* Frameworks */,
				07F308C724B513FD003D2F5E /* Resources */,
			);
			buildRules = (
			);
			dependencies = (
			);
			name = udemySwiftCoursesProject;
			productName = udemySwiftCoursesProject;
			productReference = 07F308C924B513FD003D2F5E /* udemySwiftCoursesProject.app */;
			productType = "com.apple.product-type.application";
		};
/* End PBXNativeTarget section */

/* Begin PBXProject section */
		07F308C124B513FD003D2F5E /* Project object */ = {
			isa = PBXProject;
			attributes = {
				LastSwiftUpdateCheck = 1150;
				LastUpgradeCheck = 1150;
				ORGANIZATIONNAME = "Paul Zamshin";
				TargetAttributes = {
					07F308C824B513FD003D2F5E = {
						CreatedOnToolsVersion = 11.5;
					};
				};
			};
			buildConfigurationList = 07F308C424B513FD003D2F5E /* Build configuration list for PBXProject "udemySwiftCoursesProject" */;
			compatibilityVersion = "Xcode 9.3";
			developmentRegion = en;
			hasScannedForEncodings = 0;
			knownRegions = (
				en,
				Base,
			);
			mainGroup = 07F308C024B513FD003D2F5E;
			productRefGroup = 07F308CA24B513FD003D2F5E /* Products */;
			projectDirPath = "";
			projectRoot = "";
			targets = (
				07F308C824B513FD003D2F5E /* udemySwiftCoursesProject */,
			);
		};
/* End PBXProject section */

/* Begin PBXResourcesBuildPhase section */
		07F308C724B513FD003D2F5E /* Resources */ = {
			isa = PBXResourcesBuildPhase;
			buildActionMask = 2147483647;
			files = (
				07F308D924B513FE003D2F5E /* LaunchScreen.storyboard in Resources */,
				07F308D624B513FE003D2F5E /* Assets.xcassets in Resources */,
				07F308D424B513FD003D2F5E /* Main.storyboard in Resources */,
			);
			runOnlyForDeploymentPostprocessing = 0;
		};
/* End PBXResourcesBuildPhase section */

/* Begin PBXSourcesBuildPhase section */
		07F308C524B513FD003D2F5E /* Sources */ = {
			isa = PBXSourcesBuildPhase;
			buildActionMask = 2147483647;
			files = (
				07F308D124B513FD003D2F5E /* ViewController.swift in Sources */,
				07F308CD24B513FD003D2F5E /* AppDelegate.swift in Sources */,
				07F308CF24B513FD003D2F5E /* SceneDelegate.swift in Sources */,
			);
			runOnlyForDeploymentPostprocessing = 0;
		};
/* End PBXSourcesBuildPhase section */

/* Begin PBXVariantGroup section */
		07F308D224B513FD003D2F5E /* Main.storyboard */ = {
			isa = PBXVariantGroup;
			children = (
				07F308D324B513FD003D2F5E /* Base */,
			);
			name = Main.storyboard;
			sourceTree = "<group>";
		};
		07F308D724B513FE003D2F5E /* LaunchScreen.storyboard */ = {
			isa = PBXVariantGroup;
			children = (
				07F308D824B513FE003D2F5E /* Base */,
			);
			name = LaunchScreen.storyboard;
			sourceTree = "<group>";
		};
/* End PBXVariantGroup section */

/* Begin XCBuildConfiguration section */
		07F308DB24B513FE003D2F5E /* Debug */ = {
			isa = XCBuildConfiguration;
			buildSettings = {
				ALWAYS_SEARCH_USER_PATHS = NO;
				CLANG_ANALYZER_NONNULL = YES;
				CLANG_ANALYZER_NUMBER_OBJECT_CONVERSION = YES_AGGRESSIVE;
				CLANG_CXX_LANGUAGE_STANDARD = "gnu++14";
				CLANG_CXX_LIBRARY = "libc++";
				CLANG_ENABLE_MODULES = YES;
				CLANG_ENABLE_OBJC_ARC = YES;
				CLANG_ENABLE_OBJC_WEAK = YES;
				CLANG_WARN_BLOCK_CAPTURE_AUTORELEASING = YES;
				CLANG_WARN_BOOL_CONVERSION = YES;
				CLANG_WARN_COMMA = YES;
				CLANG_WARN_CONSTANT_CONVERSION = YES;
				CLANG_WARN_DEPRECATED_OBJC_IMPLEMENTATIONS = YES;
				CLANG_WARN_DIRECT_OBJC_ISA_USAGE = YES_ERROR;
				CLANG_WARN_DOCUMENTATION_COMMENTS = YES;
				CLANG_WARN_EMPTY_BODY = YES;
				CLANG_WARN_ENUM_CONVERSION = YES;
				CLANG_WARN_INFINITE_RECURSION = YES;
				CLANG_WARN_INT_CONVERSION = YES;
				CLANG_WARN_NON_LITERAL_NULL_CONVERSION = YES;
				CLANG_WARN_OBJC_IMPLICIT_RETAIN_SELF = YES;
				CLANG_WARN_OBJC_LITERAL_CONVERSION = YES;
				CLANG_WARN_OBJC_ROOT_CLASS = YES_ERROR;
				CLANG_WARN_RANGE_LOOP_ANALYSIS = YES;
				CLANG_WARN_STRICT_PROTOTYPES = YES;
				CLANG_WARN_SUSPICIOUS_MOVE = YES;
				CLANG_WARN_UNGUARDED_AVAILABILITY = YES_AGGRESSIVE;
				CLANG_WARN_UNREACHABLE_CODE = YES;
				CLANG_WARN__DUPLICATE_METHOD_MATCH = YES;
				COPY_PHASE_STRIP = NO;
				DEBUG_INFORMATION_FORMAT = dwarf;
				ENABLE_STRICT_OBJC_MSGSEND = YES;
				ENABLE_TESTABILITY = YES;
				GCC_C_LANGUAGE_STANDARD = gnu11;
				GCC_DYNAMIC_NO_PIC = NO;
				GCC_NO_COMMON_BLOCKS = YES;
				GCC_OPTIMIZATION_LEVEL = 0;
				GCC_PREPROCESSOR_DEFINITIONS = (
					"DEBUG=1",
					"$(inherited)",
				);
				GCC_WARN_64_TO_32_BIT_CONVERSION = YES;
				GCC_WARN_ABOUT_RETURN_TYPE = YES_ERROR;
				GCC_WARN_UNDECLARED_SELECTOR = YES;
				GCC_WARN_UNINITIALIZED_AUTOS = YES_AGGRESSIVE;
				GCC_WARN_UNUSED_FUNCTION = YES;
				GCC_WARN_UNUSED_VARIABLE = YES;
				IPHONEOS_DEPLOYMENT_TARGET = 13.5;
				MTL_ENABLE_DEBUG_INFO = INCLUDE_SOURCE;
				MTL_FAST_MATH = YES;
				ONLY_ACTIVE_ARCH = YES;
				SDKROOT = iphoneos;
				SWIFT_ACTIVE_COMPILATION_CONDITIONS = DEBUG;
				SWIFT_OPTIMIZATION_LEVEL = "-Onone";
			};
			name = Debug;
		};
		07F308DC24B513FE003D2F5E /* Release */ = {
			isa = XCBuildConfiguration;
			buildSettings = {
				ALWAYS_SEARCH_USER_PATHS = NO;
				CLANG_ANALYZER_NONNULL = YES;
				CLANG_ANALYZER_NUMBER_OBJECT_CONVERSION = YES_AGGRESSIVE;
				CLANG_CXX_LANGUAGE_STANDARD = "gnu++14";
				CLANG_CXX_LIBRARY = "libc++";
				CLANG_ENABLE_MODULES = YES;
				CLANG_ENABLE_OBJC_ARC = YES;
				CLANG_ENABLE_OBJC_WEAK = YES;
				CLANG_WARN_BLOCK_CAPTURE_AUTORELEASING = YES;
				CLANG_WARN_BOOL_CONVERSION = YES;
				CLANG_WARN_COMMA = YES;
				CLANG_WARN_CONSTANT_CONVERSION = YES;
				CLANG_WARN_DEPRECATED_OBJC_IMPLEMENTATIONS = YES;
				CLANG_WARN_DIRECT_OBJC_ISA_USAGE = YES_ERROR;
				CLANG_WARN_DOCUMENTATION_COMMENTS = YES;
				CLANG_WARN_EMPTY_BODY = YES;
				CLANG_WARN_ENUM_CONVERSION = YES;
				CLANG_WARN_INFINITE_RECURSION = YES;
				CLANG_WARN_INT_CONVERSION = YES;
				CLANG_WARN_NON_LITERAL_NULL_CONVERSION = YES;
				CLANG_WARN_OBJC_IMPLICIT_RETAIN_SELF = YES;
				CLANG_WARN_OBJC_LITERAL_CONVERSION = YES;
				CLANG_WARN_OBJC_ROOT_CLASS = YES_ERROR;
				CLANG_WARN_RANGE_LOOP_ANALYSIS = YES;
				CLANG_WARN_STRICT_PROTOTYPES = YES;
				CLANG_WARN_SUSPICIOUS_MOVE = YES;
				CLANG_WARN_UNGUARDED_AVAILABILITY = YES_AGGRESSIVE;
				CLANG_WARN_UNREACHABLE_CODE = YES;
				CLANG_WARN__DUPLICATE_METHOD_MATCH = YES;
				COPY_PHASE_STRIP = NO;
				DEBUG_INFORMATION_FORMAT = "dwarf-with-dsym";
				ENABLE_NS_ASSERTIONS = NO;
				ENABLE_STRICT_OBJC_MSGSEND = YES;
				GCC_C_LANGUAGE_STANDARD = gnu11;
				GCC_NO_COMMON_BLOCKS = YES;
				GCC_WARN_64_TO_32_BIT_CONVERSION = YES;
				GCC_WARN_ABOUT_RETURN_TYPE = YES_ERROR;
				GCC_WARN_UNDECLARED_SELECTOR = YES;
				GCC_WARN_UNINITIALIZED_AUTOS = YES_AGGRESSIVE;
				GCC_WARN_UNUSED_FUNCTION = YES;
				GCC_WARN_UNUSED_VARIABLE = YES;
				IPHONEOS_DEPLOYMENT_TARGET = 13.5;
				MTL_ENABLE_DEBUG_INFO = NO;
				MTL_FAST_MATH = YES;
				SDKROOT = iphoneos;
				SWIFT_COMPILATION_MODE = wholemodule;
				SWIFT_OPTIMIZATION_LEVEL = "-O";
				VALIDATE_PRODUCT = YES;
			};
			name = Release;
		};
		07F308DE24B513FE003D2F5E /* Debug */ = {
			isa = XCBuildConfiguration;
			buildSettings = {
				ASSETCATALOG_COMPILER_APPICON_NAME = AppIcon;
				CODE_SIGN_STYLE = Automatic;
				DEVELOPMENT_TEAM = B3N9HQ5L43;
				INFOPLIST_FILE = udemySwiftCoursesProject/Info.plist;
				LD_RUNPATH_SEARCH_PATHS = (
					"$(inherited)",
					"@executable_path/Frameworks",
				);
				PRODUCT_BUNDLE_IDENTIFIER = ru.homenet.udemySwiftCoursesProject;
				PRODUCT_NAME = "$(TARGET_NAME)";
				SWIFT_VERSION = 5.0;
				TARGETED_DEVICE_FAMILY = "1,2";
			};
			name = Debug;
		};
		07F308DF24B513FE003D2F5E /* Release */ = {
			isa = XCBuildConfiguration;
			buildSettings = {
				ASSETCATALOG_COMPILER_APPICON_NAME = AppIcon;
				CODE_SIGN_STYLE = Automatic;
				DEVELOPMENT_TEAM = B3N9HQ5L43;
				INFOPLIST_FILE = udemySwiftCoursesProject/Info.plist;
				LD_RUNPATH_SEARCH_PATHS = (
					"$(inherited)",
					"@executable_path/Frameworks",
				);
				PRODUCT_BUNDLE_IDENTIFIER = ru.homenet.udemySwiftCoursesProject;
				PRODUCT_NAME = "$(TARGET_NAME)";
				SWIFT_VERSION = 5.0;
				TARGETED_DEVICE_FAMILY = "1,2";
			};
			name = Release;
		};
/* End XCBuildConfiguration section */

/* Begin XCConfigurationList section */
		07F308C424B513FD003D2F5E /* Build configuration list for PBXProject "udemySwiftCoursesProject" */ = {
			isa = XCConfigurationList;
			buildConfigurations = (
				07F308DB24B513FE003D2F5E /* Debug */,
				07F308DC24B513FE003D2F5E /* Release */,
			);
			defaultConfigurationIsVisible = 0;
			defaultConfigurationName = Release;
		};
		07F308DD24B513FE003D2F5E /* Build configuration list for PBXNativeTarget "udemySwiftCoursesProject" */ = {
			isa = XCConfigurationList;
			buildConfigurations = (
				07F308DE24B513FE003D2F5E /* Debug */,
				07F308DF24B513FE003D2F5E /* Release */,
			);
			defaultConfigurationIsVisible = 0;
			defaultConfigurationName = Release;
		};
/* End XCConfigurationList section */
	};
	rootObject = 07F308C124B513FD003D2F5E /* Project object */;
}
